
Microsoft Visual Studio Solution File, Format Version 12.00
# Visual Studio 14
VisualStudioVersion = 14.0.24720.0
MinimumVisualStudioVersion = 10.0.40219.1
Project("{FAE04EC0-301F-11D3-BF4B-00C04F79EFBC}") = "Server", "Server\Server.csproj", "{2F842F44-09D7-41A1-BD6D-CFD9CD72F65B}"
EndProject
Project("{FAE04EC0-301F-11D3-BF4B-00C04F79EFBC}") = "Client", "Client\Client.csproj", "{F8FBC5F4-5CCE-492B-A0B3-5C3115FF0276}"
EndProject
Project("{FAE04EC0-301F-11D3-BF4B-00C04F79EFBC}") = "Common", "Common\Common.csproj", "{0447A497-E321-4754-97F0-BA33980B95CB}"
EndProject
Global
	GlobalSection(SolutionConfigurationPlatforms) = preSolution
		Debug|Any CPU = Debug|Any CPU
		Release|Any CPU = Release|Any CPU
	EndGlobalSection
	GlobalSection(ProjectConfigurationPlatforms) = postSolution
		{2F842F44-09D7-41A1-BD6D-CFD9CD72F65B}.Debug|Any CPU.ActiveCfg = Debug|Any CPU
		{2F842F44-09D7-41A1-BD6D-CFD9CD72F65B}.Debug|Any CPU.Build.0 = Debug|Any CPU
		{2F842F44-09D7-41A1-BD6D-CFD9CD72F65B}.Release|Any CPU.ActiveCfg = Release|Any CPU
		{2F842F44-09D7-41A1-BD6D-CFD9CD72F65B}.Release|Any CPU.Build.0 = Release|Any CPU
		{F8FBC5F4-5CCE-492B-A0B3-5C3115FF0276}.Debug|Any CPU.ActiveCfg = Debug|Any CPU
		{F8FBC5F4-5CCE-492B-A0B3-5C3115FF0276}.Debug|Any CPU.Build.0 = Debug|Any CPU
		{F8FBC5F4-5CCE-492B-A0B3-5C3115FF0276}.Release|Any CPU.ActiveCfg = Release|Any CPU
		{F8FBC5F4-5CCE-492B-A0B3-5C3115FF0276}.Release|Any CPU.Build.0 = Release|Any CPU
		{0447A497-E321-4754-97F0-BA33980B95CB}.Debug|Any CPU.ActiveCfg = Debug|Any CPU
		{0447A497-E321-4754-97F0-BA33980B95CB}.Debug|Any CPU.Build.0 = Debug|Any CPU
		{0447A497-E321-4754-97F0-BA33980B95CB}.Release|Any CPU.ActiveCfg = Release|Any CPU
		{0447A497-E321-4754-97F0-BA33980B95CB}.Release|Any CPU.Build.0 = Release|Any CPU
	EndGlobalSection
	GlobalSection(SolutionProperties) = preSolution
		HideSolutionNode = FALSE
	EndGlobalSection
EndGlobal
